# THIS IS AN AUTOGENERATED FILE. DO NOT EDIT THIS FILE DIRECTLY.
# yarn lockfile v1


"@types/component-emitter@^1.2.10":
  version "1.2.10"
  resolved "https://registry.yarnpkg.com/@types/component-emitter/-/component-emitter-1.2.10.tgz#ef5b1589b9f16544642e473db5ea5639107ef3ea"
  integrity sha512-bsjleuRKWmGqajMerkzox19aGbscQX5rmmvvXl3wlIp5gMG1HgkiwPxsN5p070fBDKTNSPgojVbuY1+HWMbFhg==

"@types/node@>=14":
  version "15.0.1"
  resolved "https://registry.yarnpkg.com/@types/node/-/node-15.0.1.tgz#ef34dea0881028d11398be5bf4e856743e3dc35a"
  integrity sha512-TMkXt0Ck1y0KKsGr9gJtWGjttxlZnnvDtphxUOSd0bfaR6Q1jle+sPvrzNR1urqYTWMinoKvjKfXUGsumaO1PA==

backo2@~1.0.2:
  version "1.0.2"
  resolved "https://registry.yarnpkg.com/backo2/-/backo2-1.0.2.tgz#31ab1ac8b129363463e35b3ebb69f4dfcfba7947"
  integrity sha1-MasayLEpNjRj41s+u2n038+6eUc=

base64-arraybuffer@0.1.4:
  version "0.1.4"
  resolved "https://registry.yarnpkg.com/base64-arraybuffer/-/base64-arraybuffer-0.1.4.tgz#9818c79e059b1355f97e0428a017c838e90ba812"
  integrity sha1-mBjHngWbE1X5fgQooBfIOOkLqBI=

blakejs@^1.1.0:
  version "1.1.0"
  resolved "https://registry.yarnpkg.com/blakejs/-/blakejs-1.1.0.tgz#69df92ef953aa88ca51a32df6ab1c54a155fc7a5"
  integrity sha1-ad+S75U6qIylGjLfarHFShVfx6U=

component-emitter@~1.3.0:
  version "1.3.0"
  resolved "https://registry.yarnpkg.com/component-emitter/-/component-emitter-1.3.0.tgz#16e4070fba8ae29b679f2215853ee181ab2eabc0"
  integrity sha512-Rd3se6QB+sO1TwqZjscQrurpEPIfO0/yYnSin6Q/rD3mOutHvUrCAhJub3r90uNb+SESBuE0QYoB90YdfatsRg==

debug@~4.3.1:
  version "4.3.1"
  resolved "https://registry.yarnpkg.com/debug/-/debug-4.3.1.tgz#f0d229c505e0c6d8c49ac553d1b13dc183f6b2ee"
  integrity sha512-doEwdvm4PCeK4K3RQN2ZC2BYUBaxwLARCqZmMjtF8a51J2Rb0xpVloFRnCODwqjpwnAoao4pelN8l3RJdv3gRQ==
  dependencies:
    ms "2.1.2"

doge-config@^0.0.6:
  version "0.0.6"
  resolved "https://registry.yarnpkg.com/doge-config/-/doge-config-0.0.6.tgz#e3ada787c858a11ea92c89f404eda5247671d6fb"
  integrity sha512-x9iBkC6ny5bqoBRSSkE4wPi3a+U/ZfHJS1rjz9ORrzCipmg4XkV8+wfPDaZ5vR39pl8SHdmbU8XWXzgjY7cOlA==
  dependencies:
    doge-json "^1.0.1"

doge-config@^0.2.0:
  version "0.2.4"
  resolved "https://registry.yarnpkg.com/doge-config/-/doge-config-0.2.4.tgz#c1864ba19d51604d7d1a09f944e8d2f8967c6489"
  integrity sha512-qMbXXsrYxFBc+8HAzAaXNzWKjQXL+RLjd8BoC8+2VmL7shNFvH5tYnKZUzDjlpdLEFh8EV43eUWWS2nkAMAIBA==
  dependencies:
    doge-json "^1.0.2"

doge-json@^1.0.1:
  version "1.0.2"
  resolved "https://registry.yarnpkg.com/doge-json/-/doge-json-1.0.2.tgz#65b316b6fa429e7396c4dc777ec5d1b53daf16d0"
  integrity sha512-dThtUCs+5OrRHDrhRgeiXh6RZSHZvhVj/bKxjiv8lRCMEJPzf7R4jdc2YxQMhShqYYAiVVxE1wfWWYnuuHbPSA==

doge-json@^1.0.2:
  version "1.0.3"
  resolved "https://registry.yarnpkg.com/doge-json/-/doge-json-1.0.3.tgz#3748ea8c9c8c46e5b942206ad7afe5c8fd55b6bb"
  integrity sha512-EIzgSpaLvwTsNnw9TG35rlKng2TH4sxP52yCGSdFSX0qavR32r8kaiPV5b40GXdUQZCYke705uqXmOKFgiM2ow==

engine.io-client@~4.1.0:
  version "4.1.3"
  resolved "https://registry.yarnpkg.com/engine.io-client/-/engine.io-client-4.1.3.tgz#e0ea88aefe76a14cf4375513b194438be3c5e238"
  integrity sha512-C3JYYyvna0FvSKOWGWpo0/EQ6MayO8uEKam1oedLZRpxLego9Fk6K3UH/Phieu1xPHauM7YqAygJ+6SraVc0Qg==
  dependencies:
    base64-arraybuffer "0.1.4"
    component-emitter "~1.3.0"
    debug "~4.3.1"
    engine.io-parser "~4.0.1"
    has-cors "1.1.0"
    parseqs "0.0.6"
    parseuri "0.0.6"
    ws "~7.4.2"
    xmlhttprequest-ssl "~1.5.4"
    yeast "0.1.2"

engine.io-parser@~4.0.1:
  version "4.0.2"
  resolved "https://registry.yarnpkg.com/engine.io-parser/-/engine.io-parser-4.0.2.tgz#e41d0b3fb66f7bf4a3671d2038a154024edb501e"
  integrity sha512-sHfEQv6nmtJrq6TKuIz5kyEKH/qSdK56H/A+7DnAuUPWosnIZAS2NHNcPLmyjtY3cGS/MqJdZbUjW97JU72iYg==
  dependencies:
    base64-arraybuffer "0.1.4"

has-cors@1.1.0:
  version "1.1.0"
  resolved "https://registry.yarnpkg.com/has-cors/-/has-cors-1.1.0.tgz#5e474793f7ea9843d1bb99c23eef49ff126fff39"
  integrity sha1-XkdHk/fqmEPRu5nCPu9J/xJv/zk=

mime-db@1.47.0:
  version "1.47.0"
  resolved "https://registry.yarnpkg.com/mime-db/-/mime-db-1.47.0.tgz#8cb313e59965d3c05cfbf898915a267af46a335c"
  integrity sha512-QBmA/G2y+IfeS4oktet3qRZ+P5kPhCKRXxXnQEudYqUaEioAU1/Lq2us3D/t1Jfo4hE9REQPrbB7K5sOczJVIw==

mime-types@^2.1.28:
  version "2.1.30"
  resolved "https://registry.yarnpkg.com/mime-types/-/mime-types-2.1.30.tgz#6e7be8b4c479825f85ed6326695db73f9305d62d"
  integrity sha512-crmjA4bLtR8m9qLpHvgxSChT+XoSlZi8J4n/aIdn3z92e/U47Z0V/yl+Wh9W046GgFVAmoNR/fmdbZYcSSIUeg==
  dependencies:
    mime-db "1.47.0"

ms@2.1.2:
  version "2.1.2"
  resolved "https://registry.yarnpkg.com/ms/-/ms-2.1.2.tgz#d09d1f357b443f493382a8eb3ccd183872ae6009"
  integrity sha512-sGkPx+VjMtmA6MX27oA4FBFELFCZZ4S4XqeGOXCv68tT+jb3vk/RyaKWP0PTKyWtmLSM0b+adUTEvbs1PEaH2w==

node-fetch@^2.6.1:
  version "2.6.1"
  resolved "https://registry.yarnpkg.com/node-fetch/-/node-fetch-2.6.1.tgz#045bd323631f76ed2e2b55573394416b639a0052"
  integrity sha512-V4aYg89jEoVRxRb2fJdAg8FHvI7cEyYdVAh94HH0UIK8oJxUfkjlDQN9RbMx+bEjP7+ggMiFRprSti032Oipxw==

nodesite.eu@^1.2.0-5:
  version "1.2.0-5"
  resolved "https://registry.yarnpkg.com/nodesite.eu/-/nodesite.eu-1.2.0-5.tgz#6d1e4e0a195acb5887014771214a96bc8621fa5f"
  integrity sha512-f90JVS1Wv4tIKlljw+z6/2T90MilEXhZ7QaR3i7gwPfJT6QeLusXtYBujpwlQ5hE6HqzysDo6fD5YeTu/v5+4w==
  dependencies:
    blakejs "^1.1.0"
    doge-config "^0.2.0"
    mime-types "^2.1.28"
    node-fetch "^2.6.1"
    socket.io-client "^3.1.0"
    ts-hound "^1.0.7"

parseqs@0.0.6:
  version "0.0.6"
  resolved "https://registry.yarnpkg.com/parseqs/-/parseqs-0.0.6.tgz#8e4bb5a19d1cdc844a08ac974d34e273afa670d5"
  integrity sha512-jeAGzMDbfSHHA091hr0r31eYfTig+29g3GKKE/PPbEQ65X0lmMwlEoqmhzu0iztID5uJpZsFlUPDP8ThPL7M8w==

parseuri@0.0.6:
  version "0.0.6"
  resolved "https://registry.yarnpkg.com/parseuri/-/parseuri-0.0.6.tgz#e1496e829e3ac2ff47f39a4dd044b32823c4a25a"
  integrity sha512-AUjen8sAkGgao7UyCX6Ahv0gIK2fABKmYjvP4xmy5JaKvcbTRueIqIPHLAfq30xJddqSE033IOMUSOMCcK3Sow==

socket.io-client@^3.1.0:
  version "3.1.3"
  resolved "https://registry.yarnpkg.com/socket.io-client/-/socket.io-client-3.1.3.tgz#57ddcefea58cfab71f0e94c21124de8e3c5aa3e2"
  integrity sha512-4sIGOGOmCg3AOgGi7EEr6ZkTZRkrXwub70bBB/F0JSkMOUFpA77WsL87o34DffQQ31PkbMUIadGOk+3tx1KGbw==
  dependencies:
    "@types/component-emitter" "^1.2.10"
    backo2 "~1.0.2"
    component-emitter "~1.3.0"
    debug "~4.3.1"
    engine.io-client "~4.1.0"
    parseuri "0.0.6"
    socket.io-parser "~4.0.4"

socket.io-parser@~4.0.4:
  version "4.0.4"
  resolved "https://registry.yarnpkg.com/socket.io-parser/-/socket.io-parser-4.0.4.tgz#9ea21b0d61508d18196ef04a2c6b9ab630f4c2b0"
  integrity sha512-t+b0SS+IxG7Rxzda2EVvyBZbvFPBCjJoyHuE0P//7OAsN23GItzDRdWa6ALxZI/8R5ygK7jAR6t028/z+7295g==
  dependencies:
    "@types/component-emitter" "^1.2.10"
    component-emitter "~1.3.0"
    debug "~4.3.1"

ts-hound@^1.0.7:
  version "1.0.7"
  resolved "https://registry.yarnpkg.com/ts-hound/-/ts-hound-1.0.7.tgz#0ce8f3f874c1cc7f6165953954f60cc04b0c5bc0"
  integrity sha512-36EK3QQfAMgf4lvWRgvyP4Vxthf+CybmaXqKSHhASjZbiEiKDDoNbm8jLnuzvoHRtWCaEZ5u0QqWcuFRowoffg==

ws@~7.4.2:
  version "7.4.5"
  resolved "https://registry.yarnpkg.com/ws/-/ws-7.4.5.tgz#a484dd851e9beb6fdb420027e3885e8ce48986c1"
  integrity sha512-xzyu3hFvomRfXKH8vOFMU3OguG6oOvhXMo3xsGy3xWExqaM2dxBbVxuD99O7m3ZUFMvvscsZDqxfgMaRr/Nr1g==

xmlhttprequest-ssl@~1.5.4:
  version "1.5.5"
  resolved "https://registry.yarnpkg.com/xmlhttprequest-ssl/-/xmlhttprequest-ssl-1.5.5.tgz#c2876b06168aadc40e57d97e81191ac8f4398b3e"
  integrity sha1-wodrBhaKrcQOV9l+gRkayPQ5iz4=

yeast@0.1.2:
  version "0.1.2"
  resolved "https://registry.yarnpkg.com/yeast/-/yeast-0.1.2.tgz#008e06d8094320c372dbc2f8ed76a0ca6c8ac419"
  integrity sha1-AI4G2AlDIMNy28L47XagymyKxBk=
